
Microsoft Visual Studio Solution File, Format Version 12.00
# Visual Studio 15
VisualStudioVersion = 15.0.28307.329
MinimumVisualStudioVersion = 10.0.40219.1
Project("{FAE04EC0-301F-11D3-BF4B-00C04F79EFBC}") = "HomeGame", "HomeGame\HomeGame.csproj", "{1DED1AF1-DABD-43D2-B608-7813080DA7EC}"
EndProject
Global
	GlobalSection(SolutionConfigurationPlatforms) = preSolution
		Debug|Any CPU = Debug|Any CPU
		Release|Any CPU = Release|Any CPU
	EndGlobalSection
	GlobalSection(ProjectConfigurationPlatforms) = postSolution
		{1DED1AF1-DABD-43D2-B608-7813080DA7EC}.Debug|Any CPU.ActiveCfg = Debug|Any CPU
		{1DED1AF1-DABD-43D2-B608-7813080DA7EC}.Debug|Any CPU.Build.0 = Debug|Any CPU
		{1DED1AF1-DABD-43D2-B608-7813080DA7EC}.Release|Any CPU.ActiveCfg = Release|Any CPU
		{1DED1AF1-DABD-43D2-B608-7813080DA7EC}.Release|Any CPU.Build.0 = Release|Any CPU
	EndGlobalSection
	GlobalSection(SolutionProperties) = preSolution
		HideSolutionNode = FALSE
	EndGlobalSection
	GlobalSection(ExtensibilityGlobals) = postSolution
		SolutionGuid = {C9E3E92E-F0A4-4767-A278-58EF4E1332DC}
	EndGlobalSection
EndGlobal
